
Microsoft Visual Studio Solution File, Format Version 12.00
# Visual Studio Version 17
VisualStudioVersion = 17.4.33403.182
MinimumVisualStudioVersion = 10.0.40219.1
Project("{9A19103F-16F7-4668-BE54-9A1E7A4F7556}") = "OOP-Lab6.Utilities", "OOP-Lab6.Utilities\OOP-Lab6.Utilities.csproj", "{64701C02-E868-4519-BFF9-400488DFBEE6}"
EndProject
Project("{9A19103F-16F7-4668-BE54-9A1E7A4F7556}") = "OOP-Lab6.CreationalPatternExample", "OOP-Lab6.CreationalPatternExample\OOP-Lab6.CreationalPatternExample.csproj", "{284110DC-88FC-4BC1-BA2C-EBEB3C7D31C3}"
EndProject
Project("{9A19103F-16F7-4668-BE54-9A1E7A4F7556}") = "OOP-Lab6", "OOP-Lab6\OOP-Lab6.csproj", "{597AB89F-8DA8-4FAC-80AA-03D059F9B29C}"
EndProject
Project("{FAE04EC0-301F-11D3-BF4B-00C04F79EFBC}") = "OOP-Lab6.BehavioralPatternExample", "OOP-Lab6.BehavioralPatternExample\OOP-Lab6.BehavioralPatternExample.csproj", "{96452ECC-00B1-4299-BDB5-32AE79B59EE6}"
EndProject
Global
	GlobalSection(SolutionConfigurationPlatforms) = preSolution
		Debug|Any CPU = Debug|Any CPU
		Release|Any CPU = Release|Any CPU
	EndGlobalSection
	GlobalSection(ProjectConfigurationPlatforms) = postSolution
		{64701C02-E868-4519-BFF9-400488DFBEE6}.Debug|Any CPU.ActiveCfg = Debug|Any CPU
		{64701C02-E868-4519-BFF9-400488DFBEE6}.Debug|Any CPU.Build.0 = Debug|Any CPU
		{64701C02-E868-4519-BFF9-400488DFBEE6}.Release|Any CPU.ActiveCfg = Release|Any CPU
		{64701C02-E868-4519-BFF9-400488DFBEE6}.Release|Any CPU.Build.0 = Release|Any CPU
		{284110DC-88FC-4BC1-BA2C-EBEB3C7D31C3}.Debug|Any CPU.ActiveCfg = Debug|Any CPU
		{284110DC-88FC-4BC1-BA2C-EBEB3C7D31C3}.Debug|Any CPU.Build.0 = Debug|Any CPU
		{284110DC-88FC-4BC1-BA2C-EBEB3C7D31C3}.Release|Any CPU.ActiveCfg = Release|Any CPU
		{284110DC-88FC-4BC1-BA2C-EBEB3C7D31C3}.Release|Any CPU.Build.0 = Release|Any CPU
		{597AB89F-8DA8-4FAC-80AA-03D059F9B29C}.Debug|Any CPU.ActiveCfg = Debug|Any CPU
		{597AB89F-8DA8-4FAC-80AA-03D059F9B29C}.Debug|Any CPU.Build.0 = Debug|Any CPU
		{597AB89F-8DA8-4FAC-80AA-03D059F9B29C}.Release|Any CPU.ActiveCfg = Release|Any CPU
		{597AB89F-8DA8-4FAC-80AA-03D059F9B29C}.Release|Any CPU.Build.0 = Release|Any CPU
		{96452ECC-00B1-4299-BDB5-32AE79B59EE6}.Debug|Any CPU.ActiveCfg = Debug|Any CPU
		{96452ECC-00B1-4299-BDB5-32AE79B59EE6}.Debug|Any CPU.Build.0 = Debug|Any CPU
		{96452ECC-00B1-4299-BDB5-32AE79B59EE6}.Release|Any CPU.ActiveCfg = Release|Any CPU
		{96452ECC-00B1-4299-BDB5-32AE79B59EE6}.Release|Any CPU.Build.0 = Release|Any CPU
	EndGlobalSection
	GlobalSection(SolutionProperties) = preSolution
		HideSolutionNode = FALSE
	EndGlobalSection
	GlobalSection(ExtensibilityGlobals) = postSolution
		SolutionGuid = {556E8EBA-B051-4337-9547-0BF5B1C0330E}
	EndGlobalSection
EndGlobal
